
Microsoft Visual Studio Solution File, Format Version 12.00
# Visual Studio Version 17
VisualStudioVersion = 17.5.002.0
MinimumVisualStudioVersion = 10.0.40219.1
Project("{9A19103F-16F7-4668-BE54-9A1E7A4F7556}") = "Bookfy.Books.Api", "Bookfy.Books.Api.csproj", "{C7F43357-64AD-4973-921C-F046D1F0FF1C}"
EndProject
Global
	GlobalSection(SolutionConfigurationPlatforms) = preSolution
		Debug|Any CPU = Debug|Any CPU
		Release|Any CPU = Release|Any CPU
	EndGlobalSection
	GlobalSection(ProjectConfigurationPlatforms) = postSolution
		{C7F43357-64AD-4973-921C-F046D1F0FF1C}.Debug|Any CPU.ActiveCfg = Debug|Any CPU
		{C7F43357-64AD-4973-921C-F046D1F0FF1C}.Debug|Any CPU.Build.0 = Debug|Any CPU
		{C7F43357-64AD-4973-921C-F046D1F0FF1C}.Release|Any CPU.ActiveCfg = Release|Any CPU
		{C7F43357-64AD-4973-921C-F046D1F0FF1C}.Release|Any CPU.Build.0 = Release|Any CPU
	EndGlobalSection
	GlobalSection(SolutionProperties) = preSolution
		HideSolutionNode = FALSE
	EndGlobalSection
	GlobalSection(ExtensibilityGlobals) = postSolution
		SolutionGuid = {F1DAA816-C929-47DC-A222-05EC1F65F907}
	EndGlobalSection
EndGlobal
